[root]
name = "ClockGo"
version = "0.0.1"
dependencies = [
 "GTP-Rust 0.1.0 (git+https://github.com/vberger/gtp-rust.git#c7fef1f04d08bd6e6e2fcb0efa54f26429315bed)",
]

[[package]]
name = "GTP-Rust"
version = "0.1.0"
source = "git+https://github.com/vberger/gtp-rust.git#c7fef1f04d08bd6e6e2fcb0efa54f26429315bed"

